
Microsoft Visual Studio Solution File, Format Version 12.00
# Visual Studio Version 16
VisualStudioVersion = 16.0.30225.117
MinimumVisualStudioVersion = 10.0.40219.1
Project("{FAE04EC0-301F-11D3-BF4B-00C04F79EFBC}") = "QLCuaHangBanXeMayDien", "QLCuaHangBanXeMayDien.csproj", "{690676F4-37C9-4D12-8339-82E14CB909AF}"
EndProject
Global
	GlobalSection(SolutionConfigurationPlatforms) = preSolution
		Debug|Any CPU = Debug|Any CPU
		Release|Any CPU = Release|Any CPU
	EndGlobalSection
	GlobalSection(ProjectConfigurationPlatforms) = postSolution
		{690676F4-37C9-4D12-8339-82E14CB909AF}.Debug|Any CPU.ActiveCfg = Debug|Any CPU
		{690676F4-37C9-4D12-8339-82E14CB909AF}.Debug|Any CPU.Build.0 = Debug|Any CPU
		{690676F4-37C9-4D12-8339-82E14CB909AF}.Release|Any CPU.ActiveCfg = Release|Any CPU
		{690676F4-37C9-4D12-8339-82E14CB909AF}.Release|Any CPU.Build.0 = Release|Any CPU
	EndGlobalSection
	GlobalSection(SolutionProperties) = preSolution
		HideSolutionNode = FALSE
	EndGlobalSection
	GlobalSection(ExtensibilityGlobals) = postSolution
		SolutionGuid = {4DFB1095-2695-4DEA-B01F-4F41CB1E76E0}
	EndGlobalSection
EndGlobal
